
Microsoft Visual Studio Solution File, Format Version 12.00
# Visual Studio Version 17
VisualStudioVersion = 17.5.33516.290
MinimumVisualStudioVersion = 10.0.40219.1
Project("{9A19103F-16F7-4668-BE54-9A1E7A4F7556}") = "EDG.LoyaltyGames.APIS", "EDG.LoyaltyGames.APIS\EDG.LoyaltyGames.APIS.csproj", "{451588BE-1B23-46FC-85D0-0CF588B410DD}"
EndProject
Project("{9A19103F-16F7-4668-BE54-9A1E7A4F7556}") = "EDG.LoyaltyGames.Services", "EDG.LoyaltyGames.Services\EDG.LoyaltyGames.Services.csproj", "{C354E6C0-CAC8-407F-AFA0-3DB41EA129A1}"
EndProject
Project("{9A19103F-16F7-4668-BE54-9A1E7A4F7556}") = "EDG.LoyaltyGames.Infrastructure", "EDG.LoyaltyGames.Infrastructure\EDG.LoyaltyGames.Infrastructure.csproj", "{00070057-DB85-4180-802B-43A3F3E982F3}"
EndProject
Project("{9A19103F-16F7-4668-BE54-9A1E7A4F7556}") = "EDG.LoyaltyGames.Shared", "EDG.LoyaltyGames.Shared\EDG.LoyaltyGames.Shared.csproj", "{B080F4CB-57D3-4945-966B-A556EEA1ABD8}"
EndProject
Project("{9A19103F-16F7-4668-BE54-9A1E7A4F7556}") = "EDG.LoyaltyGames.Tests", "EDG.LoyaltyGames.Tests\EDG.LoyaltyGames.Tests.csproj", "{058C6465-4A36-4C63-9EF0-A81A7236D648}"
EndProject
Project("{9A19103F-16F7-4668-BE54-9A1E7A4F7556}") = "EDG.LoyaltyGames.CronJob", "EDG.LoyaltyGames.CronJob\EDG.LoyaltyGames.CronJob.csproj", "{008EFAB0-2EDE-4F7D-A4F2-A603A9834CF8}"
EndProject
Project("{9A19103F-16F7-4668-BE54-9A1E7A4F7556}") = "EDG.LoyaltyGames.Core", "EDG.LoyaltyGames.Core\EDG.LoyaltyGames.Core.csproj", "{78C99CEE-D0CE-44B7-937E-790CD7624C4D}"
EndProject
Global
	GlobalSection(SolutionConfigurationPlatforms) = preSolution
		Debug|Any CPU = Debug|Any CPU
		Release|Any CPU = Release|Any CPU
	EndGlobalSection
	GlobalSection(ProjectConfigurationPlatforms) = postSolution
		{451588BE-1B23-46FC-85D0-0CF588B410DD}.Debug|Any CPU.ActiveCfg = Debug|Any CPU
		{451588BE-1B23-46FC-85D0-0CF588B410DD}.Debug|Any CPU.Build.0 = Debug|Any CPU
		{451588BE-1B23-46FC-85D0-0CF588B410DD}.Release|Any CPU.ActiveCfg = Release|Any CPU
		{451588BE-1B23-46FC-85D0-0CF588B410DD}.Release|Any CPU.Build.0 = Release|Any CPU
		{C354E6C0-CAC8-407F-AFA0-3DB41EA129A1}.Debug|Any CPU.ActiveCfg = Debug|Any CPU
		{C354E6C0-CAC8-407F-AFA0-3DB41EA129A1}.Debug|Any CPU.Build.0 = Debug|Any CPU
		{C354E6C0-CAC8-407F-AFA0-3DB41EA129A1}.Release|Any CPU.ActiveCfg = Release|Any CPU
		{C354E6C0-CAC8-407F-AFA0-3DB41EA129A1}.Release|Any CPU.Build.0 = Release|Any CPU
		{00070057-DB85-4180-802B-43A3F3E982F3}.Debug|Any CPU.ActiveCfg = Debug|Any CPU
		{00070057-DB85-4180-802B-43A3F3E982F3}.Debug|Any CPU.Build.0 = Debug|Any CPU
		{00070057-DB85-4180-802B-43A3F3E982F3}.Release|Any CPU.ActiveCfg = Release|Any CPU
		{00070057-DB85-4180-802B-43A3F3E982F3}.Release|Any CPU.Build.0 = Release|Any CPU
		{B080F4CB-57D3-4945-966B-A556EEA1ABD8}.Debug|Any CPU.ActiveCfg = Debug|Any CPU
		{B080F4CB-57D3-4945-966B-A556EEA1ABD8}.Debug|Any CPU.Build.0 = Debug|Any CPU
		{B080F4CB-57D3-4945-966B-A556EEA1ABD8}.Release|Any CPU.ActiveCfg = Release|Any CPU
		{B080F4CB-57D3-4945-966B-A556EEA1ABD8}.Release|Any CPU.Build.0 = Release|Any CPU
		{058C6465-4A36-4C63-9EF0-A81A7236D648}.Debug|Any CPU.ActiveCfg = Debug|Any CPU
		{058C6465-4A36-4C63-9EF0-A81A7236D648}.Debug|Any CPU.Build.0 = Debug|Any CPU
		{058C6465-4A36-4C63-9EF0-A81A7236D648}.Release|Any CPU.ActiveCfg = Release|Any CPU
		{058C6465-4A36-4C63-9EF0-A81A7236D648}.Release|Any CPU.Build.0 = Release|Any CPU
		{008EFAB0-2EDE-4F7D-A4F2-A603A9834CF8}.Debug|Any CPU.ActiveCfg = Debug|Any CPU
		{008EFAB0-2EDE-4F7D-A4F2-A603A9834CF8}.Debug|Any CPU.Build.0 = Debug|Any CPU
		{008EFAB0-2EDE-4F7D-A4F2-A603A9834CF8}.Release|Any CPU.ActiveCfg = Release|Any CPU
		{008EFAB0-2EDE-4F7D-A4F2-A603A9834CF8}.Release|Any CPU.Build.0 = Release|Any CPU
		{78C99CEE-D0CE-44B7-937E-790CD7624C4D}.Debug|Any CPU.ActiveCfg = Debug|Any CPU
		{78C99CEE-D0CE-44B7-937E-790CD7624C4D}.Debug|Any CPU.Build.0 = Debug|Any CPU
		{78C99CEE-D0CE-44B7-937E-790CD7624C4D}.Release|Any CPU.ActiveCfg = Release|Any CPU
		{78C99CEE-D0CE-44B7-937E-790CD7624C4D}.Release|Any CPU.Build.0 = Release|Any CPU
	EndGlobalSection
	GlobalSection(SolutionProperties) = preSolution
		HideSolutionNode = FALSE
	EndGlobalSection
	GlobalSection(ExtensibilityGlobals) = postSolution
		SolutionGuid = {58AC0EF3-E900-4CB0-BDC6-D504CE84773D}
	EndGlobalSection
EndGlobal
